
Microsoft Visual Studio Solution File, Format Version 12.00
# Visual Studio Version 16
VisualStudioVersion = 16.0.30320.27
MinimumVisualStudioVersion = 10.0.40219.1
Project("{FAE04EC0-301F-11D3-BF4B-00C04F79EFBC}") = "Calc", "Calc.csproj", "{D189CB66-BC7F-4405-B62E-97A0D202432E}"
EndProject
Global
	GlobalSection(SolutionConfigurationPlatforms) = preSolution
		Debug|Any CPU = Debug|Any CPU
		Release|Any CPU = Release|Any CPU
	EndGlobalSection
	GlobalSection(ProjectConfigurationPlatforms) = postSolution
		{D189CB66-BC7F-4405-B62E-97A0D202432E}.Debug|Any CPU.ActiveCfg = Debug|Any CPU
		{D189CB66-BC7F-4405-B62E-97A0D202432E}.Debug|Any CPU.Build.0 = Debug|Any CPU
		{D189CB66-BC7F-4405-B62E-97A0D202432E}.Release|Any CPU.ActiveCfg = Release|Any CPU
		{D189CB66-BC7F-4405-B62E-97A0D202432E}.Release|Any CPU.Build.0 = Release|Any CPU
	EndGlobalSection
	GlobalSection(SolutionProperties) = preSolution
		HideSolutionNode = FALSE
	EndGlobalSection
	GlobalSection(ExtensibilityGlobals) = postSolution
		SolutionGuid = {BAB00F23-6982-49FA-8139-F25B9B11FE96}
	EndGlobalSection
EndGlobal
